{
  "version": 4,
  "terraform_version": "1.11.4",
  "serial": 9,
  "lineage": "4b4a7a19-ccf7-c221-1d65-936c5c877721",
  "outputs": {},
  "resources": [
    {
      "mode": "managed",
      "type": "local_file",
      "name": "pet",
      "provider": "provider[\"registry.terraform.io/hashicorp/local\"]",
      "instances": [
        {
          "schema_version": 0,
          "attributes": {
            "content": "We love all pets equally 🐶🐱",
            "content_base64": null,
            "content_base64sha256": "fvt745jVtqJqwFpl3/uZ4Ld1lfTSIoqfHB/cubguXqc=",
            "content_base64sha512": "BjIbSrLf61EzKyNxxGicOuEcyH83U13xvaQzcDejewncXMasYTnUxZicN/JJw1v6oU7U+X04Ho6iLuWdfNGqxg==",
            "content_md5": "388241dbb87904e82eb57fec6d1f85b3",
            "content_sha1": "ee3aaf5e6a1fe1ce26d8bf0820145a3419f9072f",
            "content_sha256": "7efb7be398d5b6a26ac05a65dffb99e0b77595f4d2228a9f1c1fdcb9b82e5ea7",
            "content_sha512": "06321b4ab2dfeb51332b2371c4689c3ae11cc87f37535df1bda4337037a37b09dc5cc6ac6139d4c5989c37f249c35bfaa14ed4f97d381e8ea22ee59d7cd1aac6",
            "directory_permission": "0777",
            "file_permission": "0777",
            "filename": "./pets.txt",
            "id": "ee3aaf5e6a1fe1ce26d8bf0820145a3419f9072f",
            "sensitive_content": null,
            "source": null
          },
          "sensitive_attributes": [
            [
              {
                "type": "get_attr",
                "value": "sensitive_content"
              }
            ]
          ]
        }
      ]
    },
    {
      "mode": "managed",
      "type": "random_pet",
      "name": "my-pet",
      "provider": "provider[\"registry.terraform.io/hashicorp/random\"]",
      "instances": [
        {
          "schema_version": 0,
          "attributes": {
            "id": "Mr.ghoul",
            "keepers": null,
            "length": 1,
            "prefix": "Mr",
            "separator": "."
          },
          "sensitive_attributes": []
        }
      ]
    }
  ],
  "check_results": null
}
